
Microsoft Visual Studio Solution File, Format Version 12.00
# Visual Studio Version 16
VisualStudioVersion = 16.0.29709.97
MinimumVisualStudioVersion = 10.0.40219.1
Project("{FAE04EC0-301F-11D3-BF4B-00C04F79EFBC}") = "NetflixRoulette.Android", "NetflixRoulette\NetflixRoulette.Android\NetflixRoulette.Android.csproj", "{67C3233F-35EA-4D26-8379-8C95C9909BFE}"
EndProject
Project("{FAE04EC0-301F-11D3-BF4B-00C04F79EFBC}") = "NetflixRoulette.iOS", "NetflixRoulette\NetflixRoulette.iOS\NetflixRoulette.iOS.csproj", "{B9E1A481-61DD-4F52-B7B0-5F67FBA38E4A}"
EndProject
Project("{FAE04EC0-301F-11D3-BF4B-00C04F79EFBC}") = "NetflixRoulette", "NetflixRoulette\NetflixRoulette\NetflixRoulette.csproj", "{37372DDA-FA2C-4FEB-9B15-F6FA7D536E3C}"
EndProject
Global
	GlobalSection(SolutionConfigurationPlatforms) = preSolution
		Debug|Any CPU = Debug|Any CPU
		Debug|iPhone = Debug|iPhone
		Debug|iPhoneSimulator = Debug|iPhoneSimulator
		Release|Any CPU = Release|Any CPU
		Release|iPhone = Release|iPhone
		Release|iPhoneSimulator = Release|iPhoneSimulator
	EndGlobalSection
	GlobalSection(ProjectConfigurationPlatforms) = postSolution
		{67C3233F-35EA-4D26-8379-8C95C9909BFE}.Debug|Any CPU.ActiveCfg = Debug|Any CPU
		{67C3233F-35EA-4D26-8379-8C95C9909BFE}.Debug|Any CPU.Build.0 = Debug|Any CPU
		{67C3233F-35EA-4D26-8379-8C95C9909BFE}.Debug|Any CPU.Deploy.0 = Debug|Any CPU
		{67C3233F-35EA-4D26-8379-8C95C9909BFE}.Debug|iPhone.ActiveCfg = Debug|Any CPU
		{67C3233F-35EA-4D26-8379-8C95C9909BFE}.Debug|iPhone.Build.0 = Debug|Any CPU
		{67C3233F-35EA-4D26-8379-8C95C9909BFE}.Debug|iPhone.Deploy.0 = Debug|Any CPU
		{67C3233F-35EA-4D26-8379-8C95C9909BFE}.Debug|iPhoneSimulator.ActiveCfg = Debug|Any CPU
		{67C3233F-35EA-4D26-8379-8C95C9909BFE}.Debug|iPhoneSimulator.Build.0 = Debug|Any CPU
		{67C3233F-35EA-4D26-8379-8C95C9909BFE}.Debug|iPhoneSimulator.Deploy.0 = Debug|Any CPU
		{67C3233F-35EA-4D26-8379-8C95C9909BFE}.Release|Any CPU.ActiveCfg = Release|Any CPU
		{67C3233F-35EA-4D26-8379-8C95C9909BFE}.Release|Any CPU.Build.0 = Release|Any CPU
		{67C3233F-35EA-4D26-8379-8C95C9909BFE}.Release|Any CPU.Deploy.0 = Release|Any CPU
		{67C3233F-35EA-4D26-8379-8C95C9909BFE}.Release|iPhone.ActiveCfg = Release|Any CPU
		{67C3233F-35EA-4D26-8379-8C95C9909BFE}.Release|iPhone.Build.0 = Release|Any CPU
		{67C3233F-35EA-4D26-8379-8C95C9909BFE}.Release|iPhone.Deploy.0 = Release|Any CPU
		{67C3233F-35EA-4D26-8379-8C95C9909BFE}.Release|iPhoneSimulator.ActiveCfg = Release|Any CPU
		{67C3233F-35EA-4D26-8379-8C95C9909BFE}.Release|iPhoneSimulator.Build.0 = Release|Any CPU
		{67C3233F-35EA-4D26-8379-8C95C9909BFE}.Release|iPhoneSimulator.Deploy.0 = Release|Any CPU
		{B9E1A481-61DD-4F52-B7B0-5F67FBA38E4A}.Debug|Any CPU.ActiveCfg = Debug|iPhoneSimulator
		{B9E1A481-61DD-4F52-B7B0-5F67FBA38E4A}.Debug|Any CPU.Build.0 = Debug|iPhoneSimulator
		{B9E1A481-61DD-4F52-B7B0-5F67FBA38E4A}.Debug|Any CPU.Deploy.0 = Debug|iPhoneSimulator
		{B9E1A481-61DD-4F52-B7B0-5F67FBA38E4A}.Debug|iPhone.ActiveCfg = Debug|iPhone
		{B9E1A481-61DD-4F52-B7B0-5F67FBA38E4A}.Debug|iPhone.Build.0 = Debug|iPhone
		{B9E1A481-61DD-4F52-B7B0-5F67FBA38E4A}.Debug|iPhone.Deploy.0 = Debug|iPhone
		{B9E1A481-61DD-4F52-B7B0-5F67FBA38E4A}.Debug|iPhoneSimulator.ActiveCfg = Debug|iPhoneSimulator
		{B9E1A481-61DD-4F52-B7B0-5F67FBA38E4A}.Debug|iPhoneSimulator.Build.0 = Debug|iPhoneSimulator
		{B9E1A481-61DD-4F52-B7B0-5F67FBA38E4A}.Debug|iPhoneSimulator.Deploy.0 = Debug|iPhoneSimulator
		{B9E1A481-61DD-4F52-B7B0-5F67FBA38E4A}.Release|Any CPU.ActiveCfg = Release|iPhone
		{B9E1A481-61DD-4F52-B7B0-5F67FBA38E4A}.Release|Any CPU.Build.0 = Release|iPhone
		{B9E1A481-61DD-4F52-B7B0-5F67FBA38E4A}.Release|Any CPU.Deploy.0 = Release|iPhone
		{B9E1A481-61DD-4F52-B7B0-5F67FBA38E4A}.Release|iPhone.ActiveCfg = Release|iPhone
		{B9E1A481-61DD-4F52-B7B0-5F67FBA38E4A}.Release|iPhone.Build.0 = Release|iPhone
		{B9E1A481-61DD-4F52-B7B0-5F67FBA38E4A}.Release|iPhone.Deploy.0 = Release|iPhone
		{B9E1A481-61DD-4F52-B7B0-5F67FBA38E4A}.Release|iPhoneSimulator.ActiveCfg = Release|iPhoneSimulator
		{B9E1A481-61DD-4F52-B7B0-5F67FBA38E4A}.Release|iPhoneSimulator.Build.0 = Release|iPhoneSimulator
		{B9E1A481-61DD-4F52-B7B0-5F67FBA38E4A}.Release|iPhoneSimulator.Deploy.0 = Release|iPhoneSimulator
		{37372DDA-FA2C-4FEB-9B15-F6FA7D536E3C}.Debug|Any CPU.ActiveCfg = Debug|Any CPU
		{37372DDA-FA2C-4FEB-9B15-F6FA7D536E3C}.Debug|Any CPU.Build.0 = Debug|Any CPU
		{37372DDA-FA2C-4FEB-9B15-F6FA7D536E3C}.Debug|Any CPU.Deploy.0 = Debug|Any CPU
		{37372DDA-FA2C-4FEB-9B15-F6FA7D536E3C}.Debug|iPhone.ActiveCfg = Debug|Any CPU
		{37372DDA-FA2C-4FEB-9B15-F6FA7D536E3C}.Debug|iPhone.Build.0 = Debug|Any CPU
		{37372DDA-FA2C-4FEB-9B15-F6FA7D536E3C}.Debug|iPhone.Deploy.0 = Debug|Any CPU
		{37372DDA-FA2C-4FEB-9B15-F6FA7D536E3C}.Debug|iPhoneSimulator.ActiveCfg = Debug|Any CPU
		{37372DDA-FA2C-4FEB-9B15-F6FA7D536E3C}.Debug|iPhoneSimulator.Build.0 = Debug|Any CPU
		{37372DDA-FA2C-4FEB-9B15-F6FA7D536E3C}.Debug|iPhoneSimulator.Deploy.0 = Debug|Any CPU
		{37372DDA-FA2C-4FEB-9B15-F6FA7D536E3C}.Release|Any CPU.ActiveCfg = Release|Any CPU
		{37372DDA-FA2C-4FEB-9B15-F6FA7D536E3C}.Release|Any CPU.Build.0 = Release|Any CPU
		{37372DDA-FA2C-4FEB-9B15-F6FA7D536E3C}.Release|Any CPU.Deploy.0 = Release|Any CPU
		{37372DDA-FA2C-4FEB-9B15-F6FA7D536E3C}.Release|iPhone.ActiveCfg = Release|Any CPU
		{37372DDA-FA2C-4FEB-9B15-F6FA7D536E3C}.Release|iPhone.Build.0 = Release|Any CPU
		{37372DDA-FA2C-4FEB-9B15-F6FA7D536E3C}.Release|iPhone.Deploy.0 = Release|Any CPU
		{37372DDA-FA2C-4FEB-9B15-F6FA7D536E3C}.Release|iPhoneSimulator.ActiveCfg = Release|Any CPU
		{37372DDA-FA2C-4FEB-9B15-F6FA7D536E3C}.Release|iPhoneSimulator.Build.0 = Release|Any CPU
		{37372DDA-FA2C-4FEB-9B15-F6FA7D536E3C}.Release|iPhoneSimulator.Deploy.0 = Release|Any CPU
	EndGlobalSection
	GlobalSection(SolutionProperties) = preSolution
		HideSolutionNode = FALSE
	EndGlobalSection
	GlobalSection(ExtensibilityGlobals) = postSolution
		SolutionGuid = {8B8544AF-A77D-4AE5-B42F-6A9FC0BED522}
	EndGlobalSection
EndGlobal
